// !$*UTF8*$!
{
	archiveVersion = 1;
	classes = {
	};
	objectVersion = 50;
	objects = {

/* Begin PBXBuildFile section */
		9F9E5A7422D6C4EC0009FDB6 /* AppDelegate.m in Sources */ = {isa = PBXBuildFile; fileRef = 9F9E5A7322D6C4EC0009FDB6 /* AppDelegate.m */; };
		9F9E5A7722D6C4EC0009FDB6 /* ViewController.m in Sources */ = {isa = PBXBuildFile; fileRef = 9F9E5A7622D6C4EC0009FDB6 /* ViewController.m */; };
		9F9E5A7A22D6C4EC0009FDB6 /* Main.storyboard in Resources */ = {isa = PBXBuildFile; fileRef = 9F9E5A7822D6C4EC0009FDB6 /* Main.storyboard */; };
		9F9E5A7C22D6C4EE0009FDB6 /* Assets.xcassets in Resources */ = {isa = PBXBuildFile; fileRef = 9F9E5A7B22D6C4EE0009FDB6 /* Assets.xcassets */; };
		9F9E5A7F22D6C4EE0009FDB6 /* LaunchScreen.storyboard in Resources */ = {isa = PBXBuildFile; fileRef = 9F9E5A7D22D6C4EE0009FDB6 /* LaunchScreen.storyboard */; };
		9F9E5A8222D6C4EE0009FDB6 /* main.m in Sources */ = {isa = PBXBuildFile; fileRef = 9F9E5A8122D6C4EE0009FDB6 /* main.m */; };
		9F9E5A8A22D6CB270009FDB6 /* Animal.m in Sources */ = {isa = PBXBuildFile; fileRef = 9F9E5A8922D6CB270009FDB6 /* Animal.m */; };
/* End PBXBuildFile section */

/* Begin PBXFileReference section */
		9F9E5A6F22D6C4EC0009FDB6 /* Objective-C Runtime：深入理解成员变量与属性.app */ = {isa = PBXFileReference; explicitFileType = wrapper.application; includeInIndex = 0; path = "Objective-C Runtime：深入理解成员变量与属性.app"; sourceTree = BUILT_PRODUCTS_DIR; };
		9F9E5A7222D6C4EC0009FDB6 /* AppDelegate.h */ = {isa = PBXFileReference; lastKnownFileType = sourcecode.c.h; path = AppDelegate.h; sourceTree = "<group>"; };
		9F9E5A7322D6C4EC0009FDB6 /* AppDelegate.m */ = {isa = PBXFileReference; lastKnownFileType = sourcecode.c.objc; path = AppDelegate.m; sourceTree = "<group>"; };
		9F9E5A7522D6C4EC0009FDB6 /* ViewController.h */ = {isa = PBXFileReference; lastKnownFileType = sourcecode.c.h; path = ViewController.h; sourceTree = "<group>"; };
		9F9E5A7622D6C4EC0009FDB6 /* ViewController.m */ = {isa = PBXFileReference; lastKnownFileType = sourcecode.c.objc; path = ViewController.m; sourceTree = "<group>"; };
		9F9E5A7922D6C4EC0009FDB6 /* Base */ = {isa = PBXFileReference; lastKnownFileType = file.storyboard; name = Base; path = Base.lproj/Main.storyboard; sourceTree = "<group>"; };
		9F9E5A7B22D6C4EE0009FDB6 /* Assets.xcassets */ = {isa = PBXFileReference; lastKnownFileType = folder.assetcatalog; path = Assets.xcassets; sourceTree = "<group>"; };
		9F9E5A7E22D6C4EE0009FDB6 /* Base */ = {isa = PBXFileReference; lastKnownFileType = file.storyboard; name = Base; path = Base.lproj/LaunchScreen.storyboard; sourceTree = "<group>"; };
		9F9E5A8022D6C4EE0009FDB6 /* Info.plist */ = {isa = PBXFileReference; lastKnownFileType = text.plist.xml; path = Info.plist; sourceTree = "<group>"; };
		9F9E5A8122D6C4EE0009FDB6 /* main.m */ = {isa = PBXFileReference; lastKnownFileType = sourcecode.c.objc; path = main.m; sourceTree = "<group>"; };
		9F9E5A8822D6CB270009FDB6 /* Animal.h */ = {isa = PBXFileReference; lastKnownFileType = sourcecode.c.h; path = Animal.h; sourceTree = "<group>"; };
		9F9E5A8922D6CB270009FDB6 /* Animal.m */ = {isa = PBXFileReference; lastKnownFileType = sourcecode.c.objc; path = Animal.m; sourceTree = "<group>"; };
/* End PBXFileReference section */

/* Begin PBXFrameworksBuildPhase section */
		9F9E5A6C22D6C4EC0009FDB6 /* Frameworks */ = {
			isa = PBXFrameworksBuildPhase;
			buildActionMask = 2147483647;
			files = (
			);
			runOnlyForDeploymentPostprocessing = 0;
		};
/* End PBXFrameworksBuildPhase section */

/* Begin PBXGroup section */
		9F9E5A6622D6C4EC0009FDB6 = {
			isa = PBXGroup;
			children = (
				9F9E5A7122D6C4EC0009FDB6 /* Objective-C Runtime：深入理解成员变量与属性 */,
				9F9E5A7022D6C4EC0009FDB6 /* Products */,
			);
			sourceTree = "<group>";
		};
		9F9E5A7022D6C4EC0009FDB6 /* Products */ = {
			isa = PBXGroup;
			children = (
				9F9E5A6F22D6C4EC0009FDB6 /* Objective-C Runtime：深入理解成员变量与属性.app */,
			);
			name = Products;
			sourceTree = "<group>";
		};
		9F9E5A7122D6C4EC0009FDB6 /* Objective-C Runtime：深入理解成员变量与属性 */ = {
			isa = PBXGroup;
			children = (
				9F9E5A7222D6C4EC0009FDB6 /* AppDelegate.h */,
				9F9E5A7322D6C4EC0009FDB6 /* AppDelegate.m */,
				9F9E5A7522D6C4EC0009FDB6 /* ViewController.h */,
				9F9E5A7622D6C4EC0009FDB6 /* ViewController.m */,
				9F9E5A7822D6C4EC0009FDB6 /* Main.storyboard */,
				9F9E5A7B22D6C4EE0009FDB6 /* Assets.xcassets */,
				9F9E5A7D22D6C4EE0009FDB6 /* LaunchScreen.storyboard */,
				9F9E5A8022D6C4EE0009FDB6 /* Info.plist */,
				9F9E5A8122D6C4EE0009FDB6 /* main.m */,
				9F9E5A8822D6CB270009FDB6 /* Animal.h */,
				9F9E5A8922D6CB270009FDB6 /* Animal.m */,
			);
			path = "Objective-C Runtime：深入理解成员变量与属性";
			sourceTree = "<group>";
		};
/* End PBXGroup section */

/* Begin PBXNativeTarget section */
		9F9E5A6E22D6C4EC0009FDB6 /* Objective-C Runtime：深入理解成员变量与属性 */ = {
			isa = PBXNativeTarget;
			buildConfigurationList = 9F9E5A8522D6C4EE0009FDB6 /* Build configuration list for PBXNativeTarget "Objective-C Runtime：深入理解成员变量与属性" */;
			buildPhases = (
				9F9E5A6B22D6C4EC0009FDB6 /* Sources */,
				9F9E5A6C22D6C4EC0009FDB6 /* Frameworks */,
				9F9E5A6D22D6C4EC0009FDB6 /* Resources */,
			);
			buildRules = (
			);
			dependencies = (
			);
			name = "Objective-C Runtime：深入理解成员变量与属性";
			productName = "Objective-C Runtime：深入理解成员变量与属性";
			productReference = 9F9E5A6F22D6C4EC0009FDB6 /* Objective-C Runtime：深入理解成员变量与属性.app */;
			productType = "com.apple.product-type.application";
		};
/* End PBXNativeTarget section */

/* Begin PBXProject section */
		9F9E5A6722D6C4EC0009FDB6 /* Project object */ = {
			isa = PBXProject;
			attributes = {
				LastUpgradeCheck = 1020;
				ORGANIZATIONNAME = "Mac-Qke";
				TargetAttributes = {
					9F9E5A6E22D6C4EC0009FDB6 = {
						CreatedOnToolsVersion = 10.2.1;
					};
				};
			};
			buildConfigurationList = 9F9E5A6A22D6C4EC0009FDB6 /* Build configuration list for PBXProject "Objective-C Runtime：深入理解成员变量与属性" */;
			compatibilityVersion = "Xcode 9.3";
			developmentRegion = en;
			hasScannedForEncodings = 0;
			knownRegions = (
				en,
				Base,
			);
			mainGroup = 9F9E5A6622D6C4EC0009FDB6;
			productRefGroup = 9F9E5A7022D6C4EC0009FDB6 /* Products */;
			projectDirPath = "";
			projectRoot = "";
			targets = (
				9F9E5A6E22D6C4EC0009FDB6 /* Objective-C Runtime：深入理解成员变量与属性 */,
			);
		};
/* End PBXProject section */

/* Begin PBXResourcesBuildPhase section */
		9F9E5A6D22D6C4EC0009FDB6 /* Resources */ = {
			isa = PBXResourcesBuildPhase;
			buildActionMask = 2147483647;
			files = (
				9F9E5A7F22D6C4EE0009FDB6 /* LaunchScreen.storyboard in Resources */,
				9F9E5A7C22D6C4EE0009FDB6 /* Assets.xcassets in Resources */,
				9F9E5A7A22D6C4EC0009FDB6 /* Main.storyboard in Resources */,
			);
			runOnlyForDeploymentPostprocessing = 0;
		};
/* End PBXResourcesBuildPhase section */

/* Begin PBXSourcesBuildPhase section */
		9F9E5A6B22D6C4EC0009FDB6 /* Sources */ = {
			isa = PBXSourcesBuildPhase;
			buildActionMask = 2147483647;
			files = (
				9F9E5A7722D6C4EC0009FDB6 /* ViewController.m in Sources */,
				9F9E5A8A22D6CB270009FDB6 /* Animal.m in Sources */,
				9F9E5A8222D6C4EE0009FDB6 /* main.m in Sources */,
				9F9E5A7422D6C4EC0009FDB6 /* AppDelegate.m in Sources */,
			);
			runOnlyForDeploymentPostprocessing = 0;
		};
/* End PBXSourcesBuildPhase section */

/* Begin PBXVariantGroup section */
		9F9E5A7822D6C4EC0009FDB6 /* Main.storyboard */ = {
			isa = PBXVariantGroup;
			children = (
				9F9E5A7922D6C4EC0009FDB6 /* Base */,
			);
			name = Main.storyboard;
			sourceTree = "<group>";
		};
		9F9E5A7D22D6C4EE0009FDB6 /* LaunchScreen.storyboard */ = {
			isa = PBXVariantGroup;
			children = (
				9F9E5A7E22D6C4EE0009FDB6 /* Base */,
			);
			name = LaunchScreen.storyboard;
			sourceTree = "<group>";
		};
/* End PBXVariantGroup section */

/* Begin XCBuildConfiguration section */
		9F9E5A8322D6C4EE0009FDB6 /* Debug */ = {
			isa = XCBuildConfiguration;
			buildSettings = {
				ALWAYS_SEARCH_USER_PATHS = NO;
				CLANG_ANALYZER_NONNULL = YES;
				CLANG_ANALYZER_NUMBER_OBJECT_CONVERSION = YES_AGGRESSIVE;
				CLANG_CXX_LANGUAGE_STANDARD = "gnu++14";
				CLANG_CXX_LIBRARY = "libc++";
				CLANG_ENABLE_MODULES = YES;
				CLANG_ENABLE_OBJC_ARC = YES;
				CLANG_ENABLE_OBJC_WEAK = YES;
				CLANG_WARN_BLOCK_CAPTURE_AUTORELEASING = YES;
				CLANG_WARN_BOOL_CONVERSION = YES;
				CLANG_WARN_COMMA = YES;
				CLANG_WARN_CONSTANT_CONVERSION = YES;
				CLANG_WARN_DEPRECATED_OBJC_IMPLEMENTATIONS = YES;
				CLANG_WARN_DIRECT_OBJC_ISA_USAGE = YES_ERROR;
				CLANG_WARN_DOCUMENTATION_COMMENTS = YES;
				CLANG_WARN_EMPTY_BODY = YES;
				CLANG_WARN_ENUM_CONVERSION = YES;
				CLANG_WARN_INFINITE_RECURSION = YES;
				CLANG_WARN_INT_CONVERSION = YES;
				CLANG_WARN_NON_LITERAL_NULL_CONVERSION = YES;
				CLANG_WARN_OBJC_IMPLICIT_RETAIN_SELF = YES;
				CLANG_WARN_OBJC_LITERAL_CONVERSION = YES;
				CLANG_WARN_OBJC_ROOT_CLASS = YES_ERROR;
				CLANG_WARN_RANGE_LOOP_ANALYSIS = YES;
				CLANG_WARN_STRICT_PROTOTYPES = YES;
				CLANG_WARN_SUSPICIOUS_MOVE = YES;
				CLANG_WARN_UNGUARDED_AVAILABILITY = YES_AGGRESSIVE;
				CLANG_WARN_UNREACHABLE_CODE = YES;
				CLANG_WARN__DUPLICATE_METHOD_MATCH = YES;
				CODE_SIGN_IDENTITY = "iPhone Developer";
				COPY_PHASE_STRIP = NO;
				DEBUG_INFORMATION_FORMAT = dwarf;
				ENABLE_STRICT_OBJC_MSGSEND = YES;
				ENABLE_TESTABILITY = YES;
				GCC_C_LANGUAGE_STANDARD = gnu11;
				GCC_DYNAMIC_NO_PIC = NO;
				GCC_NO_COMMON_BLOCKS = YES;
				GCC_OPTIMIZATION_LEVEL = 0;
				GCC_PREPROCESSOR_DEFINITIONS = (
					"DEBUG=1",
					"$(inherited)",
				);
				GCC_WARN_64_TO_32_BIT_CONVERSION = YES;
				GCC_WARN_ABOUT_RETURN_TYPE = YES_ERROR;
				GCC_WARN_UNDECLARED_SELECTOR = YES;
				GCC_WARN_UNINITIALIZED_AUTOS = YES_AGGRESSIVE;
				GCC_WARN_UNUSED_FUNCTION = YES;
				GCC_WARN_UNUSED_VARIABLE = YES;
				IPHONEOS_DEPLOYMENT_TARGET = 12.2;
				MTL_ENABLE_DEBUG_INFO = INCLUDE_SOURCE;
				MTL_FAST_MATH = YES;
				ONLY_ACTIVE_ARCH = YES;
				SDKROOT = iphoneos;
			};
			name = Debug;
		};
		9F9E5A8422D6C4EE0009FDB6 /* Release */ = {
			isa = XCBuildConfiguration;
			buildSettings = {
				ALWAYS_SEARCH_USER_PATHS = NO;
				CLANG_ANALYZER_NONNULL = YES;
				CLANG_ANALYZER_NUMBER_OBJECT_CONVERSION = YES_AGGRESSIVE;
				CLANG_CXX_LANGUAGE_STANDARD = "gnu++14";
				CLANG_CXX_LIBRARY = "libc++";
				CLANG_ENABLE_MODULES = YES;
				CLANG_ENABLE_OBJC_ARC = YES;
				CLANG_ENABLE_OBJC_WEAK = YES;
				CLANG_WARN_BLOCK_CAPTURE_AUTORELEASING = YES;
				CLANG_WARN_BOOL_CONVERSION = YES;
				CLANG_WARN_COMMA = YES;
				CLANG_WARN_CONSTANT_CONVERSION = YES;
				CLANG_WARN_DEPRECATED_OBJC_IMPLEMENTATIONS = YES;
				CLANG_WARN_DIRECT_OBJC_ISA_USAGE = YES_ERROR;
				CLANG_WARN_DOCUMENTATION_COMMENTS = YES;
				CLANG_WARN_EMPTY_BODY = YES;
				CLANG_WARN_ENUM_CONVERSION = YES;
				CLANG_WARN_INFINITE_RECURSION = YES;
				CLANG_WARN_INT_CONVERSION = YES;
				CLANG_WARN_NON_LITERAL_NULL_CONVERSION = YES;
				CLANG_WARN_OBJC_IMPLICIT_RETAIN_SELF = YES;
				CLANG_WARN_OBJC_LITERAL_CONVERSION = YES;
				CLANG_WARN_OBJC_ROOT_CLASS = YES_ERROR;
				CLANG_WARN_RANGE_LOOP_ANALYSIS = YES;
				CLANG_WARN_STRICT_PROTOTYPES = YES;
				CLANG_WARN_SUSPICIOUS_MOVE = YES;
				CLANG_WARN_UNGUARDED_AVAILABILITY = YES_AGGRESSIVE;
				CLANG_WARN_UNREACHABLE_CODE = YES;
				CLANG_WARN__DUPLICATE_METHOD_MATCH = YES;
				CODE_SIGN_IDENTITY = "iPhone Developer";
				COPY_PHASE_STRIP = NO;
				DEBUG_INFORMATION_FORMAT = "dwarf-with-dsym";
				ENABLE_NS_ASSERTIONS = NO;
				ENABLE_STRICT_OBJC_MSGSEND = YES;
				GCC_C_LANGUAGE_STANDARD = gnu11;
				GCC_NO_COMMON_BLOCKS = YES;
				GCC_WARN_64_TO_32_BIT_CONVERSION = YES;
				GCC_WARN_ABOUT_RETURN_TYPE = YES_ERROR;
				GCC_WARN_UNDECLARED_SELECTOR = YES;
				GCC_WARN_UNINITIALIZED_AUTOS = YES_AGGRESSIVE;
				GCC_WARN_UNUSED_FUNCTION = YES;
				GCC_WARN_UNUSED_VARIABLE = YES;
				IPHONEOS_DEPLOYMENT_TARGET = 12.2;
				MTL_ENABLE_DEBUG_INFO = NO;
				MTL_FAST_MATH = YES;
				SDKROOT = iphoneos;
				VALIDATE_PRODUCT = YES;
			};
			name = Release;
		};
		9F9E5A8622D6C4EE0009FDB6 /* Debug */ = {
			isa = XCBuildConfiguration;
			buildSettings = {
				ASSETCATALOG_COMPILER_APPICON_NAME = AppIcon;
				CODE_SIGN_STYLE = Automatic;
				DEVELOPMENT_TEAM = 5XH837PT9T;
				INFOPLIST_FILE = "Objective-C Runtime：深入理解成员变量与属性/Info.plist";
				LD_RUNPATH_SEARCH_PATHS = (
					"$(inherited)",
					"@executable_path/Frameworks",
				);
				PRODUCT_BUNDLE_IDENTIFIER = "com.HYCF.Objective-C-Runtime------------";
				PRODUCT_NAME = "$(TARGET_NAME)";
				TARGETED_DEVICE_FAMILY = "1,2";
			};
			name = Debug;
		};
		9F9E5A8722D6C4EE0009FDB6 /* Release */ = {
			isa = XCBuildConfiguration;
			buildSettings = {
				ASSETCATALOG_COMPILER_APPICON_NAME = AppIcon;
				CODE_SIGN_STYLE = Automatic;
				DEVELOPMENT_TEAM = 5XH837PT9T;
				INFOPLIST_FILE = "Objective-C Runtime：深入理解成员变量与属性/Info.plist";
				LD_RUNPATH_SEARCH_PATHS = (
					"$(inherited)",
					"@executable_path/Frameworks",
				);
				PRODUCT_BUNDLE_IDENTIFIER = "com.HYCF.Objective-C-Runtime------------";
				PRODUCT_NAME = "$(TARGET_NAME)";
				TARGETED_DEVICE_FAMILY = "1,2";
			};
			name = Release;
		};
/* End XCBuildConfiguration section */

/* Begin XCConfigurationList section */
		9F9E5A6A22D6C4EC0009FDB6 /* Build configuration list for PBXProject "Objective-C Runtime：深入理解成员变量与属性" */ = {
			isa = XCConfigurationList;
			buildConfigurations = (
				9F9E5A8322D6C4EE0009FDB6 /* Debug */,
				9F9E5A8422D6C4EE0009FDB6 /* Release */,
			);
			defaultConfigurationIsVisible = 0;
			defaultConfigurationName = Release;
		};
		9F9E5A8522D6C4EE0009FDB6 /* Build configuration list for PBXNativeTarget "Objective-C Runtime：深入理解成员变量与属性" */ = {
			isa = XCConfigurationList;
			buildConfigurations = (
				9F9E5A8622D6C4EE0009FDB6 /* Debug */,
				9F9E5A8722D6C4EE0009FDB6 /* Release */,
			);
			defaultConfigurationIsVisible = 0;
			defaultConfigurationName = Release;
		};
/* End XCConfigurationList section */
	};
	rootObject = 9F9E5A6722D6C4EC0009FDB6 /* Project object */;
}
